
Microsoft Visual Studio Solution File, Format Version 12.00
# Visual Studio Version 16
VisualStudioVersion = 16.0.29318.209
MinimumVisualStudioVersion = 10.0.40219.1
Project("{FAE04EC0-301F-11D3-BF4B-00C04F79EFBC}") = "WEBBANMAYTINH", "WEBBANMAYTINH\WEBBANMAYTINH.csproj", "{04772776-BDFC-4CF9-A377-B043CD7EF176}"
EndProject
Global
	GlobalSection(SolutionConfigurationPlatforms) = preSolution
		Debug|Any CPU = Debug|Any CPU
		Release|Any CPU = Release|Any CPU
	EndGlobalSection
	GlobalSection(ProjectConfigurationPlatforms) = postSolution
		{04772776-BDFC-4CF9-A377-B043CD7EF176}.Debug|Any CPU.ActiveCfg = Debug|Any CPU
		{04772776-BDFC-4CF9-A377-B043CD7EF176}.Debug|Any CPU.Build.0 = Debug|Any CPU
		{04772776-BDFC-4CF9-A377-B043CD7EF176}.Release|Any CPU.ActiveCfg = Release|Any CPU
		{04772776-BDFC-4CF9-A377-B043CD7EF176}.Release|Any CPU.Build.0 = Release|Any CPU
	EndGlobalSection
	GlobalSection(SolutionProperties) = preSolution
		HideSolutionNode = FALSE
	EndGlobalSection
	GlobalSection(ExtensibilityGlobals) = postSolution
		SolutionGuid = {C1765CAE-107D-41FB-B649-69457A57D90A}
	EndGlobalSection
EndGlobal
