
Microsoft Visual Studio Solution File, Format Version 12.00
# Visual Studio Version 16
VisualStudioVersion = 16.0.29318.209
MinimumVisualStudioVersion = 10.0.40219.1
Project("{FAE04EC0-301F-11D3-BF4B-00C04F79EFBC}") = "WEBSITEBANMAYTINH", "WEBSITEBANMAYTINH\WEBSITEBANMAYTINH.csproj", "{ABCA44D4-D715-475C-9BF3-0A3054B695EB}"
EndProject
Global
	GlobalSection(SolutionConfigurationPlatforms) = preSolution
		Debug|Any CPU = Debug|Any CPU
		Release|Any CPU = Release|Any CPU
	EndGlobalSection
	GlobalSection(ProjectConfigurationPlatforms) = postSolution
		{ABCA44D4-D715-475C-9BF3-0A3054B695EB}.Debug|Any CPU.ActiveCfg = Debug|Any CPU
		{ABCA44D4-D715-475C-9BF3-0A3054B695EB}.Debug|Any CPU.Build.0 = Debug|Any CPU
		{ABCA44D4-D715-475C-9BF3-0A3054B695EB}.Release|Any CPU.ActiveCfg = Release|Any CPU
		{ABCA44D4-D715-475C-9BF3-0A3054B695EB}.Release|Any CPU.Build.0 = Release|Any CPU
	EndGlobalSection
	GlobalSection(SolutionProperties) = preSolution
		HideSolutionNode = FALSE
	EndGlobalSection
	GlobalSection(ExtensibilityGlobals) = postSolution
		SolutionGuid = {31C262C0-11BA-4A90-A95B-21910EA69E9D}
	EndGlobalSection
EndGlobal
